
Microsoft Visual Studio Solution File, Format Version 12.00
# Visual Studio 14
VisualStudioVersion = 14.0.23107.0
MinimumVisualStudioVersion = 10.0.40219.1
Project("{2150E333-8FDC-42A3-9474-1A3956D46DE8}") = "src", "src", "{CC765524-F9A5-4F9C-B72C-22B042CDEEE3}"
EndProject
Project("{2150E333-8FDC-42A3-9474-1A3956D46DE8}") = "Solution Items", "Solution Items", "{3D7F00D7-C408-498F-9173-706D8748FB7E}"
	ProjectSection(SolutionItems) = preProject
		global.json = global.json
	EndProjectSection
EndProject
Project("{8BB2217D-0F2D-49D1-97BC-3654ED321F3B}") = "ASP5.FilterOverriding", "src\ASP5.FilterOverriding\ASP5.FilterOverriding.xproj", "{FEB80034-5496-47FA-9193-4A005C927806}"
EndProject
Global
	GlobalSection(SolutionConfigurationPlatforms) = preSolution
		Debug|Any CPU = Debug|Any CPU
		Release|Any CPU = Release|Any CPU
	EndGlobalSection
	GlobalSection(ProjectConfigurationPlatforms) = postSolution
		{FEB80034-5496-47FA-9193-4A005C927806}.Debug|Any CPU.ActiveCfg = Debug|Any CPU
		{FEB80034-5496-47FA-9193-4A005C927806}.Debug|Any CPU.Build.0 = Debug|Any CPU
		{FEB80034-5496-47FA-9193-4A005C927806}.Release|Any CPU.ActiveCfg = Release|Any CPU
		{FEB80034-5496-47FA-9193-4A005C927806}.Release|Any CPU.Build.0 = Release|Any CPU
	EndGlobalSection
	GlobalSection(SolutionProperties) = preSolution
		HideSolutionNode = FALSE
	EndGlobalSection
	GlobalSection(NestedProjects) = preSolution
		{FEB80034-5496-47FA-9193-4A005C927806} = {CC765524-F9A5-4F9C-B72C-22B042CDEEE3}
	EndGlobalSection
EndGlobal
